
Microsoft Visual Studio Solution File, Format Version 12.00
# Visual Studio Version 17
VisualStudioVersion = 17.10.34928.147
MinimumVisualStudioVersion = 10.0.40219.1
Project("{FAE04EC0-301F-11D3-BF4B-00C04F79EFBC}") = "Bossfight2", "Bossfight2.csproj", "{767D16CA-1E6E-4CC4-8037-0BF705D9428B}"
EndProject
Global
	GlobalSection(SolutionConfigurationPlatforms) = preSolution
		Debug|Any CPU = Debug|Any CPU
		Release|Any CPU = Release|Any CPU
	EndGlobalSection
	GlobalSection(ProjectConfigurationPlatforms) = postSolution
		{767D16CA-1E6E-4CC4-8037-0BF705D9428B}.Debug|Any CPU.ActiveCfg = Debug|Any CPU
		{767D16CA-1E6E-4CC4-8037-0BF705D9428B}.Debug|Any CPU.Build.0 = Debug|Any CPU
		{767D16CA-1E6E-4CC4-8037-0BF705D9428B}.Release|Any CPU.ActiveCfg = Release|Any CPU
		{767D16CA-1E6E-4CC4-8037-0BF705D9428B}.Release|Any CPU.Build.0 = Release|Any CPU
	EndGlobalSection
	GlobalSection(SolutionProperties) = preSolution
		HideSolutionNode = FALSE
	EndGlobalSection
	GlobalSection(ExtensibilityGlobals) = postSolution
		SolutionGuid = {29A38EE4-6876-4902-97BA-1EFA5E84A47A}
	EndGlobalSection
EndGlobal
